// !$*UTF8*$!
{
	archiveVersion = 1;
	classes = {
	};
	objectVersion = 50;
	objects = {

/* Begin PBXBuildFile section */
		2D1FDC8022A68F2700387F07 /* AppDelegate.swift in Sources */ = {isa = PBXBuildFile; fileRef = 2D1FDC7F22A68F2700387F07 /* AppDelegate.swift */; };
		2D1FDC8222A68F2700387F07 /* TaskListViewController.swift in Sources */ = {isa = PBXBuildFile; fileRef = 2D1FDC8122A68F2700387F07 /* TaskListViewController.swift */; };
		2D1FDC8522A68F2700387F07 /* Main.storyboard in Resources */ = {isa = PBXBuildFile; fileRef = 2D1FDC8322A68F2700387F07 /* Main.storyboard */; };
		2D1FDC8722A68F2700387F07 /* Assets.xcassets in Resources */ = {isa = PBXBuildFile; fileRef = 2D1FDC8622A68F2700387F07 /* Assets.xcassets */; };
		2D1FDC8A22A68F2700387F07 /* LaunchScreen.storyboard in Resources */ = {isa = PBXBuildFile; fileRef = 2D1FDC8822A68F2700387F07 /* LaunchScreen.storyboard */; };
		2D1FDC9522A68F2700387F07 /* ToDoAppTests.swift in Sources */ = {isa = PBXBuildFile; fileRef = 2D1FDC9422A68F2700387F07 /* ToDoAppTests.swift */; };
		2D1FDCA022A68F2700387F07 /* ToDoAppUITests.swift in Sources */ = {isa = PBXBuildFile; fileRef = 2D1FDC9F22A68F2700387F07 /* ToDoAppUITests.swift */; };
		2D32534922AE7D1200F1ADB5 /* TaskTests.swift in Sources */ = {isa = PBXBuildFile; fileRef = 2D32534822AE7D1200F1ADB5 /* TaskTests.swift */; };
		2D32534C22AE7E2400F1ADB5 /* Task.swift in Sources */ = {isa = PBXBuildFile; fileRef = 2D32534B22AE7E2400F1ADB5 /* Task.swift */; };
		2D32535022AE8AFC00F1ADB5 /* Location.swift in Sources */ = {isa = PBXBuildFile; fileRef = 2D32534F22AE8AFC00F1ADB5 /* Location.swift */; };
		2D32535222AE8CF700F1ADB5 /* LocationTests.swift in Sources */ = {isa = PBXBuildFile; fileRef = 2D32535122AE8CF700F1ADB5 /* LocationTests.swift */; };
		2D32535522AE980C00F1ADB5 /* TaskManagerTests.swift in Sources */ = {isa = PBXBuildFile; fileRef = 2D32535422AE980C00F1ADB5 /* TaskManagerTests.swift */; };
		2D32535822AE993500F1ADB5 /* TaskManager.swift in Sources */ = {isa = PBXBuildFile; fileRef = 2D32535722AE993500F1ADB5 /* TaskManager.swift */; };
		2D32535D22AEA8E600F1ADB5 /* TaskListViewControllerTests.swift in Sources */ = {isa = PBXBuildFile; fileRef = 2D32535C22AEA8E600F1ADB5 /* TaskListViewControllerTests.swift */; };
		2D32535F22AEB27500F1ADB5 /* DataProvider.swift in Sources */ = {isa = PBXBuildFile; fileRef = 2D32535E22AEB27500F1ADB5 /* DataProvider.swift */; };
		2D32536122AEB97300F1ADB5 /* DataProviderTests.swift in Sources */ = {isa = PBXBuildFile; fileRef = 2D32536022AEB97300F1ADB5 /* DataProviderTests.swift */; };
		2D32536322AED8BB00F1ADB5 /* TaskCell.swift in Sources */ = {isa = PBXBuildFile; fileRef = 2D32536222AED8BB00F1ADB5 /* TaskCell.swift */; };
		2D32536622AF99EB00F1ADB5 /* TaskCellTests.swift in Sources */ = {isa = PBXBuildFile; fileRef = 2D32536522AF99EB00F1ADB5 /* TaskCellTests.swift */; };
		2D32536822AFD4C100F1ADB5 /* DetailViewControllerTests.swift in Sources */ = {isa = PBXBuildFile; fileRef = 2D32536722AFD4C100F1ADB5 /* DetailViewControllerTests.swift */; };
		2D32536A22AFDA9600F1ADB5 /* DetailViewController.swift in Sources */ = {isa = PBXBuildFile; fileRef = 2D32536922AFDA9600F1ADB5 /* DetailViewController.swift */; };
		2D32536C22AFFBA300F1ADB5 /* NewTaskControllerTests.swift in Sources */ = {isa = PBXBuildFile; fileRef = 2D32536B22AFFBA300F1ADB5 /* NewTaskControllerTests.swift */; };
		2D32536E22B0056100F1ADB5 /* NewTaskController.swift in Sources */ = {isa = PBXBuildFile; fileRef = 2D32536D22B0056100F1ADB5 /* NewTaskController.swift */; };
/* End PBXBuildFile section */

/* Begin PBXContainerItemProxy section */
		2D1FDC9122A68F2700387F07 /* PBXContainerItemProxy */ = {
			isa = PBXContainerItemProxy;
			containerPortal = 2D1FDC7422A68F2700387F07 /* Project object */;
			proxyType = 1;
			remoteGlobalIDString = 2D1FDC7B22A68F2700387F07;
			remoteInfo = ToDoApp;
		};
		2D1FDC9C22A68F2700387F07 /* PBXContainerItemProxy */ = {
			isa = PBXContainerItemProxy;
			containerPortal = 2D1FDC7422A68F2700387F07 /* Project object */;
			proxyType = 1;
			remoteGlobalIDString = 2D1FDC7B22A68F2700387F07;
			remoteInfo = ToDoApp;
		};
/* End PBXContainerItemProxy section */

/* Begin PBXFileReference section */
		2D1FDC7C22A68F2700387F07 /* ToDoApp.app */ = {isa = PBXFileReference; explicitFileType = wrapper.application; includeInIndex = 0; path = ToDoApp.app; sourceTree = BUILT_PRODUCTS_DIR; };
		2D1FDC7F22A68F2700387F07 /* AppDelegate.swift */ = {isa = PBXFileReference; lastKnownFileType = sourcecode.swift; path = AppDelegate.swift; sourceTree = "<group>"; };
		2D1FDC8122A68F2700387F07 /* TaskListViewController.swift */ = {isa = PBXFileReference; lastKnownFileType = sourcecode.swift; path = TaskListViewController.swift; sourceTree = "<group>"; };
		2D1FDC8422A68F2700387F07 /* Base */ = {isa = PBXFileReference; lastKnownFileType = file.storyboard; name = Base; path = Base.lproj/Main.storyboard; sourceTree = "<group>"; };
		2D1FDC8622A68F2700387F07 /* Assets.xcassets */ = {isa = PBXFileReference; lastKnownFileType = folder.assetcatalog; path = Assets.xcassets; sourceTree = "<group>"; };
		2D1FDC8922A68F2700387F07 /* Base */ = {isa = PBXFileReference; lastKnownFileType = file.storyboard; name = Base; path = Base.lproj/LaunchScreen.storyboard; sourceTree = "<group>"; };
		2D1FDC8B22A68F2700387F07 /* Info.plist */ = {isa = PBXFileReference; lastKnownFileType = text.plist.xml; path = Info.plist; sourceTree = "<group>"; };
		2D1FDC9022A68F2700387F07 /* ToDoAppTests.xctest */ = {isa = PBXFileReference; explicitFileType = wrapper.cfbundle; includeInIndex = 0; path = ToDoAppTests.xctest; sourceTree = BUILT_PRODUCTS_DIR; };
		2D1FDC9422A68F2700387F07 /* ToDoAppTests.swift */ = {isa = PBXFileReference; lastKnownFileType = sourcecode.swift; path = ToDoAppTests.swift; sourceTree = "<group>"; };
		2D1FDC9622A68F2700387F07 /* Info.plist */ = {isa = PBXFileReference; lastKnownFileType = text.plist.xml; path = Info.plist; sourceTree = "<group>"; };
		2D1FDC9B22A68F2700387F07 /* ToDoAppUITests.xctest */ = {isa = PBXFileReference; explicitFileType = wrapper.cfbundle; includeInIndex = 0; path = ToDoAppUITests.xctest; sourceTree = BUILT_PRODUCTS_DIR; };
		2D1FDC9F22A68F2700387F07 /* ToDoAppUITests.swift */ = {isa = PBXFileReference; lastKnownFileType = sourcecode.swift; path = ToDoAppUITests.swift; sourceTree = "<group>"; };
		2D1FDCA122A68F2700387F07 /* Info.plist */ = {isa = PBXFileReference; lastKnownFileType = text.plist.xml; path = Info.plist; sourceTree = "<group>"; };
		2D32534822AE7D1200F1ADB5 /* TaskTests.swift */ = {isa = PBXFileReference; lastKnownFileType = sourcecode.swift; path = TaskTests.swift; sourceTree = "<group>"; };
		2D32534B22AE7E2400F1ADB5 /* Task.swift */ = {isa = PBXFileReference; lastKnownFileType = sourcecode.swift; path = Task.swift; sourceTree = "<group>"; };
		2D32534F22AE8AFC00F1ADB5 /* Location.swift */ = {isa = PBXFileReference; lastKnownFileType = sourcecode.swift; path = Location.swift; sourceTree = "<group>"; };
		2D32535122AE8CF700F1ADB5 /* LocationTests.swift */ = {isa = PBXFileReference; lastKnownFileType = sourcecode.swift; path = LocationTests.swift; sourceTree = "<group>"; };
		2D32535422AE980C00F1ADB5 /* TaskManagerTests.swift */ = {isa = PBXFileReference; lastKnownFileType = sourcecode.swift; path = TaskManagerTests.swift; sourceTree = "<group>"; };
		2D32535722AE993500F1ADB5 /* TaskManager.swift */ = {isa = PBXFileReference; lastKnownFileType = sourcecode.swift; path = TaskManager.swift; sourceTree = "<group>"; };
		2D32535C22AEA8E600F1ADB5 /* TaskListViewControllerTests.swift */ = {isa = PBXFileReference; lastKnownFileType = sourcecode.swift; path = TaskListViewControllerTests.swift; sourceTree = "<group>"; };
		2D32535E22AEB27500F1ADB5 /* DataProvider.swift */ = {isa = PBXFileReference; lastKnownFileType = sourcecode.swift; path = DataProvider.swift; sourceTree = "<group>"; };
		2D32536022AEB97300F1ADB5 /* DataProviderTests.swift */ = {isa = PBXFileReference; lastKnownFileType = sourcecode.swift; path = DataProviderTests.swift; sourceTree = "<group>"; };
		2D32536222AED8BB00F1ADB5 /* TaskCell.swift */ = {isa = PBXFileReference; lastKnownFileType = sourcecode.swift; path = TaskCell.swift; sourceTree = "<group>"; };
		2D32536522AF99EB00F1ADB5 /* TaskCellTests.swift */ = {isa = PBXFileReference; lastKnownFileType = sourcecode.swift; path = TaskCellTests.swift; sourceTree = "<group>"; };
		2D32536722AFD4C100F1ADB5 /* DetailViewControllerTests.swift */ = {isa = PBXFileReference; lastKnownFileType = sourcecode.swift; path = DetailViewControllerTests.swift; sourceTree = "<group>"; };
		2D32536922AFDA9600F1ADB5 /* DetailViewController.swift */ = {isa = PBXFileReference; lastKnownFileType = sourcecode.swift; path = DetailViewController.swift; sourceTree = "<group>"; };
		2D32536B22AFFBA300F1ADB5 /* NewTaskControllerTests.swift */ = {isa = PBXFileReference; lastKnownFileType = sourcecode.swift; path = NewTaskControllerTests.swift; sourceTree = "<group>"; };
		2D32536D22B0056100F1ADB5 /* NewTaskController.swift */ = {isa = PBXFileReference; lastKnownFileType = sourcecode.swift; path = NewTaskController.swift; sourceTree = "<group>"; };
/* End PBXFileReference section */

/* Begin PBXFrameworksBuildPhase section */
		2D1FDC7922A68F2700387F07 /* Frameworks */ = {
			isa = PBXFrameworksBuildPhase;
			buildActionMask = 2147483647;
			files = (
			);
			runOnlyForDeploymentPostprocessing = 0;
		};
		2D1FDC8D22A68F2700387F07 /* Frameworks */ = {
			isa = PBXFrameworksBuildPhase;
			buildActionMask = 2147483647;
			files = (
			);
			runOnlyForDeploymentPostprocessing = 0;
		};
		2D1FDC9822A68F2700387F07 /* Frameworks */ = {
			isa = PBXFrameworksBuildPhase;
			buildActionMask = 2147483647;
			files = (
			);
			runOnlyForDeploymentPostprocessing = 0;
		};
/* End PBXFrameworksBuildPhase section */

/* Begin PBXGroup section */
		2D1FDC7322A68F2700387F07 = {
			isa = PBXGroup;
			children = (
				2D1FDC7E22A68F2700387F07 /* ToDoApp */,
				2D1FDC9322A68F2700387F07 /* ToDoAppTests */,
				2D1FDC9E22A68F2700387F07 /* ToDoAppUITests */,
				2D1FDC7D22A68F2700387F07 /* Products */,
			);
			sourceTree = "<group>";
		};
		2D1FDC7D22A68F2700387F07 /* Products */ = {
			isa = PBXGroup;
			children = (
				2D1FDC7C22A68F2700387F07 /* ToDoApp.app */,
				2D1FDC9022A68F2700387F07 /* ToDoAppTests.xctest */,
				2D1FDC9B22A68F2700387F07 /* ToDoAppUITests.xctest */,
			);
			name = Products;
			sourceTree = "<group>";
		};
		2D1FDC7E22A68F2700387F07 /* ToDoApp */ = {
			isa = PBXGroup;
			children = (
				2D32535622AE991C00F1ADB5 /* Manager */,
				2D89D9D922A6A624003F0DBE /* Controller */,
				2D89D9D822A6A61F003F0DBE /* View */,
				2D89D9D722A6A611003F0DBE /* Model */,
				2D89D9DB22A6A698003F0DBE /* Supporting files */,
			);
			path = ToDoApp;
			sourceTree = "<group>";
		};
		2D1FDC9322A68F2700387F07 /* ToDoAppTests */ = {
			isa = PBXGroup;
			children = (
				2D32536422AF988800F1ADB5 /* View */,
				2D32535922AEA88900F1ADB5 /* Controller */,
				2D32535322AE97F200F1ADB5 /* Manager */,
				2D1FDC9422A68F2700387F07 /* ToDoAppTests.swift */,
				2D1FDC9622A68F2700387F07 /* Info.plist */,
				2D32534A22AE7D1E00F1ADB5 /* Model */,
			);
			path = ToDoAppTests;
			sourceTree = "<group>";
		};
		2D1FDC9E22A68F2700387F07 /* ToDoAppUITests */ = {
			isa = PBXGroup;
			children = (
				2D1FDC9F22A68F2700387F07 /* ToDoAppUITests.swift */,
				2D1FDCA122A68F2700387F07 /* Info.plist */,
			);
			path = ToDoAppUITests;
			sourceTree = "<group>";
		};
		2D32534A22AE7D1E00F1ADB5 /* Model */ = {
			isa = PBXGroup;
			children = (
				2D32534822AE7D1200F1ADB5 /* TaskTests.swift */,
				2D32535122AE8CF700F1ADB5 /* LocationTests.swift */,
			);
			path = Model;
			sourceTree = "<group>";
		};
		2D32535322AE97F200F1ADB5 /* Manager */ = {
			isa = PBXGroup;
			children = (
				2D32535422AE980C00F1ADB5 /* TaskManagerTests.swift */,
			);
			path = Manager;
			sourceTree = "<group>";
		};
		2D32535622AE991C00F1ADB5 /* Manager */ = {
			isa = PBXGroup;
			children = (
				2D32535722AE993500F1ADB5 /* TaskManager.swift */,
			);
			path = Manager;
			sourceTree = "<group>";
		};
		2D32535922AEA88900F1ADB5 /* Controller */ = {
			isa = PBXGroup;
			children = (
				2D32535C22AEA8E600F1ADB5 /* TaskListViewControllerTests.swift */,
				2D32536022AEB97300F1ADB5 /* DataProviderTests.swift */,
				2D32536722AFD4C100F1ADB5 /* DetailViewControllerTests.swift */,
				2D32536B22AFFBA300F1ADB5 /* NewTaskControllerTests.swift */,
			);
			path = Controller;
			sourceTree = "<group>";
		};
		2D32536422AF988800F1ADB5 /* View */ = {
			isa = PBXGroup;
			children = (
				2D32536522AF99EB00F1ADB5 /* TaskCellTests.swift */,
			);
			path = View;
			sourceTree = "<group>";
		};
		2D89D9D722A6A611003F0DBE /* Model */ = {
			isa = PBXGroup;
			children = (
				2D32534B22AE7E2400F1ADB5 /* Task.swift */,
				2D32534F22AE8AFC00F1ADB5 /* Location.swift */,
			);
			path = Model;
			sourceTree = "<group>";
		};
		2D89D9D822A6A61F003F0DBE /* View */ = {
			isa = PBXGroup;
			children = (
				2D32536222AED8BB00F1ADB5 /* TaskCell.swift */,
			);
			path = View;
			sourceTree = "<group>";
		};
		2D89D9D922A6A624003F0DBE /* Controller */ = {
			isa = PBXGroup;
			children = (
				2D1FDC8122A68F2700387F07 /* TaskListViewController.swift */,
				2D32535E22AEB27500F1ADB5 /* DataProvider.swift */,
				2D32536922AFDA9600F1ADB5 /* DetailViewController.swift */,
				2D32536D22B0056100F1ADB5 /* NewTaskController.swift */,
			);
			path = Controller;
			sourceTree = "<group>";
		};
		2D89D9DB22A6A698003F0DBE /* Supporting files */ = {
			isa = PBXGroup;
			children = (
				2D1FDC8622A68F2700387F07 /* Assets.xcassets */,
				2D1FDC7F22A68F2700387F07 /* AppDelegate.swift */,
				2D1FDC8322A68F2700387F07 /* Main.storyboard */,
				2D1FDC8822A68F2700387F07 /* LaunchScreen.storyboard */,
				2D1FDC8B22A68F2700387F07 /* Info.plist */,
			);
			path = "Supporting files";
			sourceTree = "<group>";
		};
/* End PBXGroup section */

/* Begin PBXNativeTarget section */
		2D1FDC7B22A68F2700387F07 /* ToDoApp */ = {
			isa = PBXNativeTarget;
			buildConfigurationList = 2D1FDCA422A68F2700387F07 /* Build configuration list for PBXNativeTarget "ToDoApp" */;
			buildPhases = (
				2D1FDC7822A68F2700387F07 /* Sources */,
				2D1FDC7922A68F2700387F07 /* Frameworks */,
				2D1FDC7A22A68F2700387F07 /* Resources */,
			);
			buildRules = (
			);
			dependencies = (
			);
			name = ToDoApp;
			productName = ToDoApp;
			productReference = 2D1FDC7C22A68F2700387F07 /* ToDoApp.app */;
			productType = "com.apple.product-type.application";
		};
		2D1FDC8F22A68F2700387F07 /* ToDoAppTests */ = {
			isa = PBXNativeTarget;
			buildConfigurationList = 2D1FDCA722A68F2700387F07 /* Build configuration list for PBXNativeTarget "ToDoAppTests" */;
			buildPhases = (
				2D1FDC8C22A68F2700387F07 /* Sources */,
				2D1FDC8D22A68F2700387F07 /* Frameworks */,
				2D1FDC8E22A68F2700387F07 /* Resources */,
			);
			buildRules = (
			);
			dependencies = (
				2D1FDC9222A68F2700387F07 /* PBXTargetDependency */,
			);
			name = ToDoAppTests;
			productName = ToDoAppTests;
			productReference = 2D1FDC9022A68F2700387F07 /* ToDoAppTests.xctest */;
			productType = "com.apple.product-type.bundle.unit-test";
		};
		2D1FDC9A22A68F2700387F07 /* ToDoAppUITests */ = {
			isa = PBXNativeTarget;
			buildConfigurationList = 2D1FDCAA22A68F2700387F07 /* Build configuration list for PBXNativeTarget "ToDoAppUITests" */;
			buildPhases = (
				2D1FDC9722A68F2700387F07 /* Sources */,
				2D1FDC9822A68F2700387F07 /* Frameworks */,
				2D1FDC9922A68F2700387F07 /* Resources */,
			);
			buildRules = (
			);
			dependencies = (
				2D1FDC9D22A68F2700387F07 /* PBXTargetDependency */,
			);
			name = ToDoAppUITests;
			productName = ToDoAppUITests;
			productReference = 2D1FDC9B22A68F2700387F07 /* ToDoAppUITests.xctest */;
			productType = "com.apple.product-type.bundle.ui-testing";
		};
/* End PBXNativeTarget section */

/* Begin PBXProject section */
		2D1FDC7422A68F2700387F07 /* Project object */ = {
			isa = PBXProject;
			attributes = {
				LastSwiftUpdateCheck = 1020;
				LastUpgradeCheck = 1020;
				ORGANIZATIONNAME = FedorinovDmitry;
				TargetAttributes = {
					2D1FDC7B22A68F2700387F07 = {
						CreatedOnToolsVersion = 10.2;
					};
					2D1FDC8F22A68F2700387F07 = {
						CreatedOnToolsVersion = 10.2;
						TestTargetID = 2D1FDC7B22A68F2700387F07;
					};
					2D1FDC9A22A68F2700387F07 = {
						CreatedOnToolsVersion = 10.2;
						TestTargetID = 2D1FDC7B22A68F2700387F07;
					};
				};
			};
			buildConfigurationList = 2D1FDC7722A68F2700387F07 /* Build configuration list for PBXProject "ToDoApp" */;
			compatibilityVersion = "Xcode 9.3";
			developmentRegion = en;
			hasScannedForEncodings = 0;
			knownRegions = (
				en,
				Base,
			);
			mainGroup = 2D1FDC7322A68F2700387F07;
			productRefGroup = 2D1FDC7D22A68F2700387F07 /* Products */;
			projectDirPath = "";
			projectRoot = "";
			targets = (
				2D1FDC7B22A68F2700387F07 /* ToDoApp */,
				2D1FDC8F22A68F2700387F07 /* ToDoAppTests */,
				2D1FDC9A22A68F2700387F07 /* ToDoAppUITests */,
			);
		};
/* End PBXProject section */

/* Begin PBXResourcesBuildPhase section */
		2D1FDC7A22A68F2700387F07 /* Resources */ = {
			isa = PBXResourcesBuildPhase;
			buildActionMask = 2147483647;
			files = (
				2D1FDC8A22A68F2700387F07 /* LaunchScreen.storyboard in Resources */,
				2D1FDC8722A68F2700387F07 /* Assets.xcassets in Resources */,
				2D1FDC8522A68F2700387F07 /* Main.storyboard in Resources */,
			);
			runOnlyForDeploymentPostprocessing = 0;
		};
		2D1FDC8E22A68F2700387F07 /* Resources */ = {
			isa = PBXResourcesBuildPhase;
			buildActionMask = 2147483647;
			files = (
			);
			runOnlyForDeploymentPostprocessing = 0;
		};
		2D1FDC9922A68F2700387F07 /* Resources */ = {
			isa = PBXResourcesBuildPhase;
			buildActionMask = 2147483647;
			files = (
			);
			runOnlyForDeploymentPostprocessing = 0;
		};
/* End PBXResourcesBuildPhase section */

/* Begin PBXSourcesBuildPhase section */
		2D1FDC7822A68F2700387F07 /* Sources */ = {
			isa = PBXSourcesBuildPhase;
			buildActionMask = 2147483647;
			files = (
				2D32535F22AEB27500F1ADB5 /* DataProvider.swift in Sources */,
				2D32536322AED8BB00F1ADB5 /* TaskCell.swift in Sources */,
				2D1FDC8222A68F2700387F07 /* TaskListViewController.swift in Sources */,
				2D32534C22AE7E2400F1ADB5 /* Task.swift in Sources */,
				2D32535822AE993500F1ADB5 /* TaskManager.swift in Sources */,
				2D32535022AE8AFC00F1ADB5 /* Location.swift in Sources */,
				2D32536E22B0056100F1ADB5 /* NewTaskController.swift in Sources */,
				2D1FDC8022A68F2700387F07 /* AppDelegate.swift in Sources */,
				2D32536A22AFDA9600F1ADB5 /* DetailViewController.swift in Sources */,
			);
			runOnlyForDeploymentPostprocessing = 0;
		};
		2D1FDC8C22A68F2700387F07 /* Sources */ = {
			isa = PBXSourcesBuildPhase;
			buildActionMask = 2147483647;
			files = (
				2D32536C22AFFBA300F1ADB5 /* NewTaskControllerTests.swift in Sources */,
				2D32534922AE7D1200F1ADB5 /* TaskTests.swift in Sources */,
				2D32535222AE8CF700F1ADB5 /* LocationTests.swift in Sources */,
				2D32536622AF99EB00F1ADB5 /* TaskCellTests.swift in Sources */,
				2D32536122AEB97300F1ADB5 /* DataProviderTests.swift in Sources */,
				2D32535522AE980C00F1ADB5 /* TaskManagerTests.swift in Sources */,
				2D32535D22AEA8E600F1ADB5 /* TaskListViewControllerTests.swift in Sources */,
				2D1FDC9522A68F2700387F07 /* ToDoAppTests.swift in Sources */,
				2D32536822AFD4C100F1ADB5 /* DetailViewControllerTests.swift in Sources */,
			);
			runOnlyForDeploymentPostprocessing = 0;
		};
		2D1FDC9722A68F2700387F07 /* Sources */ = {
			isa = PBXSourcesBuildPhase;
			buildActionMask = 2147483647;
			files = (
				2D1FDCA022A68F2700387F07 /* ToDoAppUITests.swift in Sources */,
			);
			runOnlyForDeploymentPostprocessing = 0;
		};
/* End PBXSourcesBuildPhase section */

/* Begin PBXTargetDependency section */
		2D1FDC9222A68F2700387F07 /* PBXTargetDependency */ = {
			isa = PBXTargetDependency;
			target = 2D1FDC7B22A68F2700387F07 /* ToDoApp */;
			targetProxy = 2D1FDC9122A68F2700387F07 /* PBXContainerItemProxy */;
		};
		2D1FDC9D22A68F2700387F07 /* PBXTargetDependency */ = {
			isa = PBXTargetDependency;
			target = 2D1FDC7B22A68F2700387F07 /* ToDoApp */;
			targetProxy = 2D1FDC9C22A68F2700387F07 /* PBXContainerItemProxy */;
		};
/* End PBXTargetDependency section */

/* Begin PBXVariantGroup section */
		2D1FDC8322A68F2700387F07 /* Main.storyboard */ = {
			isa = PBXVariantGroup;
			children = (
				2D1FDC8422A68F2700387F07 /* Base */,
			);
			name = Main.storyboard;
			sourceTree = "<group>";
		};
		2D1FDC8822A68F2700387F07 /* LaunchScreen.storyboard */ = {
			isa = PBXVariantGroup;
			children = (
				2D1FDC8922A68F2700387F07 /* Base */,
			);
			name = LaunchScreen.storyboard;
			sourceTree = "<group>";
		};
/* End PBXVariantGroup section */

/* Begin XCBuildConfiguration section */
		2D1FDCA222A68F2700387F07 /* Debug */ = {
			isa = XCBuildConfiguration;
			buildSettings = {
				ALWAYS_SEARCH_USER_PATHS = NO;
				CLANG_ANALYZER_NONNULL = YES;
				CLANG_ANALYZER_NUMBER_OBJECT_CONVERSION = YES_AGGRESSIVE;
				CLANG_CXX_LANGUAGE_STANDARD = "gnu++14";
				CLANG_CXX_LIBRARY = "libc++";
				CLANG_ENABLE_MODULES = YES;
				CLANG_ENABLE_OBJC_ARC = YES;
				CLANG_ENABLE_OBJC_WEAK = YES;
				CLANG_WARN_BLOCK_CAPTURE_AUTORELEASING = YES;
				CLANG_WARN_BOOL_CONVERSION = YES;
				CLANG_WARN_COMMA = YES;
				CLANG_WARN_CONSTANT_CONVERSION = YES;
				CLANG_WARN_DEPRECATED_OBJC_IMPLEMENTATIONS = YES;
				CLANG_WARN_DIRECT_OBJC_ISA_USAGE = YES_ERROR;
				CLANG_WARN_DOCUMENTATION_COMMENTS = YES;
				CLANG_WARN_EMPTY_BODY = YES;
				CLANG_WARN_ENUM_CONVERSION = YES;
				CLANG_WARN_INFINITE_RECURSION = YES;
				CLANG_WARN_INT_CONVERSION = YES;
				CLANG_WARN_NON_LITERAL_NULL_CONVERSION = YES;
				CLANG_WARN_OBJC_IMPLICIT_RETAIN_SELF = YES;
				CLANG_WARN_OBJC_LITERAL_CONVERSION = YES;
				CLANG_WARN_OBJC_ROOT_CLASS = YES_ERROR;
				CLANG_WARN_RANGE_LOOP_ANALYSIS = YES;
				CLANG_WARN_STRICT_PROTOTYPES = YES;
				CLANG_WARN_SUSPICIOUS_MOVE = YES;
				CLANG_WARN_UNGUARDED_AVAILABILITY = YES_AGGRESSIVE;
				CLANG_WARN_UNREACHABLE_CODE = YES;
				CLANG_WARN__DUPLICATE_METHOD_MATCH = YES;
				CODE_SIGN_IDENTITY = "iPhone Developer";
				COPY_PHASE_STRIP = NO;
				DEBUG_INFORMATION_FORMAT = dwarf;
				ENABLE_STRICT_OBJC_MSGSEND = YES;
				ENABLE_TESTABILITY = YES;
				GCC_C_LANGUAGE_STANDARD = gnu11;
				GCC_DYNAMIC_NO_PIC = NO;
				GCC_NO_COMMON_BLOCKS = YES;
				GCC_OPTIMIZATION_LEVEL = 0;
				GCC_PREPROCESSOR_DEFINITIONS = (
					"DEBUG=1",
					"$(inherited)",
				);
				GCC_WARN_64_TO_32_BIT_CONVERSION = YES;
				GCC_WARN_ABOUT_RETURN_TYPE = YES_ERROR;
				GCC_WARN_UNDECLARED_SELECTOR = YES;
				GCC_WARN_UNINITIALIZED_AUTOS = YES_AGGRESSIVE;
				GCC_WARN_UNUSED_FUNCTION = YES;
				GCC_WARN_UNUSED_VARIABLE = YES;
				IPHONEOS_DEPLOYMENT_TARGET = 12.2;
				MTL_ENABLE_DEBUG_INFO = INCLUDE_SOURCE;
				MTL_FAST_MATH = YES;
				ONLY_ACTIVE_ARCH = YES;
				SDKROOT = iphoneos;
				SWIFT_ACTIVE_COMPILATION_CONDITIONS = DEBUG;
				SWIFT_OPTIMIZATION_LEVEL = "-Onone";
			};
			name = Debug;
		};
		2D1FDCA322A68F2700387F07 /* Release */ = {
			isa = XCBuildConfiguration;
			buildSettings = {
				ALWAYS_SEARCH_USER_PATHS = NO;
				CLANG_ANALYZER_NONNULL = YES;
				CLANG_ANALYZER_NUMBER_OBJECT_CONVERSION = YES_AGGRESSIVE;
				CLANG_CXX_LANGUAGE_STANDARD = "gnu++14";
				CLANG_CXX_LIBRARY = "libc++";
				CLANG_ENABLE_MODULES = YES;
				CLANG_ENABLE_OBJC_ARC = YES;
				CLANG_ENABLE_OBJC_WEAK = YES;
				CLANG_WARN_BLOCK_CAPTURE_AUTORELEASING = YES;
				CLANG_WARN_BOOL_CONVERSION = YES;
				CLANG_WARN_COMMA = YES;
				CLANG_WARN_CONSTANT_CONVERSION = YES;
				CLANG_WARN_DEPRECATED_OBJC_IMPLEMENTATIONS = YES;
				CLANG_WARN_DIRECT_OBJC_ISA_USAGE = YES_ERROR;
				CLANG_WARN_DOCUMENTATION_COMMENTS = YES;
				CLANG_WARN_EMPTY_BODY = YES;
				CLANG_WARN_ENUM_CONVERSION = YES;
				CLANG_WARN_INFINITE_RECURSION = YES;
				CLANG_WARN_INT_CONVERSION = YES;
				CLANG_WARN_NON_LITERAL_NULL_CONVERSION = YES;
				CLANG_WARN_OBJC_IMPLICIT_RETAIN_SELF = YES;
				CLANG_WARN_OBJC_LITERAL_CONVERSION = YES;
				CLANG_WARN_OBJC_ROOT_CLASS = YES_ERROR;
				CLANG_WARN_RANGE_LOOP_ANALYSIS = YES;
				CLANG_WARN_STRICT_PROTOTYPES = YES;
				CLANG_WARN_SUSPICIOUS_MOVE = YES;
				CLANG_WARN_UNGUARDED_AVAILABILITY = YES_AGGRESSIVE;
				CLANG_WARN_UNREACHABLE_CODE = YES;
				CLANG_WARN__DUPLICATE_METHOD_MATCH = YES;
				CODE_SIGN_IDENTITY = "iPhone Developer";
				COPY_PHASE_STRIP = NO;
				DEBUG_INFORMATION_FORMAT = "dwarf-with-dsym";
				ENABLE_NS_ASSERTIONS = NO;
				ENABLE_STRICT_OBJC_MSGSEND = YES;
				GCC_C_LANGUAGE_STANDARD = gnu11;
				GCC_NO_COMMON_BLOCKS = YES;
				GCC_WARN_64_TO_32_BIT_CONVERSION = YES;
				GCC_WARN_ABOUT_RETURN_TYPE = YES_ERROR;
				GCC_WARN_UNDECLARED_SELECTOR = YES;
				GCC_WARN_UNINITIALIZED_AUTOS = YES_AGGRESSIVE;
				GCC_WARN_UNUSED_FUNCTION = YES;
				GCC_WARN_UNUSED_VARIABLE = YES;
				IPHONEOS_DEPLOYMENT_TARGET = 12.2;
				MTL_ENABLE_DEBUG_INFO = NO;
				MTL_FAST_MATH = YES;
				SDKROOT = iphoneos;
				SWIFT_COMPILATION_MODE = wholemodule;
				SWIFT_OPTIMIZATION_LEVEL = "-O";
				VALIDATE_PRODUCT = YES;
			};
			name = Release;
		};
		2D1FDCA522A68F2700387F07 /* Debug */ = {
			isa = XCBuildConfiguration;
			buildSettings = {
				ASSETCATALOG_COMPILER_APPICON_NAME = "AppIcon-1";
				CODE_SIGN_STYLE = Automatic;
				DEVELOPMENT_TEAM = 6FJHRWT7C3;
				INFOPLIST_FILE = "$(SRCROOT)/ToDoApp/Supporting files/Info.plist";
				LD_RUNPATH_SEARCH_PATHS = (
					"$(inherited)",
					"@executable_path/Frameworks",
				);
				PRODUCT_BUNDLE_IDENTIFIER = FD.ToDoApp;
				PRODUCT_NAME = "$(TARGET_NAME)";
				SWIFT_VERSION = 5.0;
				TARGETED_DEVICE_FAMILY = "1,2";
			};
			name = Debug;
		};
		2D1FDCA622A68F2700387F07 /* Release */ = {
			isa = XCBuildConfiguration;
			buildSettings = {
				ASSETCATALOG_COMPILER_APPICON_NAME = "AppIcon-1";
				CODE_SIGN_STYLE = Automatic;
				DEVELOPMENT_TEAM = 6FJHRWT7C3;
				INFOPLIST_FILE = "$(SRCROOT)/ToDoApp/Supporting files/Info.plist";
				LD_RUNPATH_SEARCH_PATHS = (
					"$(inherited)",
					"@executable_path/Frameworks",
				);
				PRODUCT_BUNDLE_IDENTIFIER = FD.ToDoApp;
				PRODUCT_NAME = "$(TARGET_NAME)";
				SWIFT_VERSION = 5.0;
				TARGETED_DEVICE_FAMILY = "1,2";
			};
			name = Release;
		};
		2D1FDCA822A68F2700387F07 /* Debug */ = {
			isa = XCBuildConfiguration;
			buildSettings = {
				ALWAYS_EMBED_SWIFT_STANDARD_LIBRARIES = YES;
				BUNDLE_LOADER = "$(TEST_HOST)";
				CODE_SIGN_STYLE = Automatic;
				DEVELOPMENT_TEAM = 6FJHRWT7C3;
				INFOPLIST_FILE = ToDoAppTests/Info.plist;
				LD_RUNPATH_SEARCH_PATHS = (
					"$(inherited)",
					"@executable_path/Frameworks",
					"@loader_path/Frameworks",
				);
				PRODUCT_BUNDLE_IDENTIFIER = FD.ToDoAppTests;
				PRODUCT_NAME = "$(TARGET_NAME)";
				SWIFT_VERSION = 5.0;
				TARGETED_DEVICE_FAMILY = "1,2";
				TEST_HOST = "$(BUILT_PRODUCTS_DIR)/ToDoApp.app/ToDoApp";
			};
			name = Debug;
		};
		2D1FDCA922A68F2700387F07 /* Release */ = {
			isa = XCBuildConfiguration;
			buildSettings = {
				ALWAYS_EMBED_SWIFT_STANDARD_LIBRARIES = YES;
				BUNDLE_LOADER = "$(TEST_HOST)";
				CODE_SIGN_STYLE = Automatic;
				DEVELOPMENT_TEAM = 6FJHRWT7C3;
				INFOPLIST_FILE = ToDoAppTests/Info.plist;
				LD_RUNPATH_SEARCH_PATHS = (
					"$(inherited)",
					"@executable_path/Frameworks",
					"@loader_path/Frameworks",
				);
				PRODUCT_BUNDLE_IDENTIFIER = FD.ToDoAppTests;
				PRODUCT_NAME = "$(TARGET_NAME)";
				SWIFT_VERSION = 5.0;
				TARGETED_DEVICE_FAMILY = "1,2";
				TEST_HOST = "$(BUILT_PRODUCTS_DIR)/ToDoApp.app/ToDoApp";
			};
			name = Release;
		};
		2D1FDCAB22A68F2700387F07 /* Debug */ = {
			isa = XCBuildConfiguration;
			buildSettings = {
				ALWAYS_EMBED_SWIFT_STANDARD_LIBRARIES = YES;
				CODE_SIGN_STYLE = Automatic;
				DEVELOPMENT_TEAM = 6FJHRWT7C3;
				INFOPLIST_FILE = ToDoAppUITests/Info.plist;
				LD_RUNPATH_SEARCH_PATHS = (
					"$(inherited)",
					"@executable_path/Frameworks",
					"@loader_path/Frameworks",
				);
				PRODUCT_BUNDLE_IDENTIFIER = FD.ToDoAppUITests;
				PRODUCT_NAME = "$(TARGET_NAME)";
				SWIFT_VERSION = 5.0;
				TARGETED_DEVICE_FAMILY = "1,2";
				TEST_TARGET_NAME = ToDoApp;
			};
			name = Debug;
		};
		2D1FDCAC22A68F2700387F07 /* Release */ = {
			isa = XCBuildConfiguration;
			buildSettings = {
				ALWAYS_EMBED_SWIFT_STANDARD_LIBRARIES = YES;
				CODE_SIGN_STYLE = Automatic;
				DEVELOPMENT_TEAM = 6FJHRWT7C3;
				INFOPLIST_FILE = ToDoAppUITests/Info.plist;
				LD_RUNPATH_SEARCH_PATHS = (
					"$(inherited)",
					"@executable_path/Frameworks",
					"@loader_path/Frameworks",
				);
				PRODUCT_BUNDLE_IDENTIFIER = FD.ToDoAppUITests;
				PRODUCT_NAME = "$(TARGET_NAME)";
				SWIFT_VERSION = 5.0;
				TARGETED_DEVICE_FAMILY = "1,2";
				TEST_TARGET_NAME = ToDoApp;
			};
			name = Release;
		};
/* End XCBuildConfiguration section */

/* Begin XCConfigurationList section */
		2D1FDC7722A68F2700387F07 /* Build configuration list for PBXProject "ToDoApp" */ = {
			isa = XCConfigurationList;
			buildConfigurations = (
				2D1FDCA222A68F2700387F07 /* Debug */,
				2D1FDCA322A68F2700387F07 /* Release */,
			);
			defaultConfigurationIsVisible = 0;
			defaultConfigurationName = Release;
		};
		2D1FDCA422A68F2700387F07 /* Build configuration list for PBXNativeTarget "ToDoApp" */ = {
			isa = XCConfigurationList;
			buildConfigurations = (
				2D1FDCA522A68F2700387F07 /* Debug */,
				2D1FDCA622A68F2700387F07 /* Release */,
			);
			defaultConfigurationIsVisible = 0;
			defaultConfigurationName = Release;
		};
		2D1FDCA722A68F2700387F07 /* Build configuration list for PBXNativeTarget "ToDoAppTests" */ = {
			isa = XCConfigurationList;
			buildConfigurations = (
				2D1FDCA822A68F2700387F07 /* Debug */,
				2D1FDCA922A68F2700387F07 /* Release */,
			);
			defaultConfigurationIsVisible = 0;
			defaultConfigurationName = Release;
		};
		2D1FDCAA22A68F2700387F07 /* Build configuration list for PBXNativeTarget "ToDoAppUITests" */ = {
			isa = XCConfigurationList;
			buildConfigurations = (
				2D1FDCAB22A68F2700387F07 /* Debug */,
				2D1FDCAC22A68F2700387F07 /* Release */,
			);
			defaultConfigurationIsVisible = 0;
			defaultConfigurationName = Release;
		};
/* End XCConfigurationList section */
	};
	rootObject = 2D1FDC7422A68F2700387F07 /* Project object */;
}
